
Microsoft Visual Studio Solution File, Format Version 12.00
# Visual Studio Version 17
VisualStudioVersion = 17.10.35013.160
MinimumVisualStudioVersion = 10.0.40219.1
Project("{FAE04EC0-301F-11D3-BF4B-00C04F79EFBC}") = "Prueba1", "Prueba1\Prueba1.csproj", "{E8949AAF-8035-43CB-98D7-F8171F890476}"
EndProject
Global
	GlobalSection(SolutionConfigurationPlatforms) = preSolution
		Debug|Any CPU = Debug|Any CPU
		Release|Any CPU = Release|Any CPU
	EndGlobalSection
	GlobalSection(ProjectConfigurationPlatforms) = postSolution
		{E8949AAF-8035-43CB-98D7-F8171F890476}.Debug|Any CPU.ActiveCfg = Debug|Any CPU
		{E8949AAF-8035-43CB-98D7-F8171F890476}.Debug|Any CPU.Build.0 = Debug|Any CPU
		{E8949AAF-8035-43CB-98D7-F8171F890476}.Release|Any CPU.ActiveCfg = Release|Any CPU
		{E8949AAF-8035-43CB-98D7-F8171F890476}.Release|Any CPU.Build.0 = Release|Any CPU
	EndGlobalSection
	GlobalSection(SolutionProperties) = preSolution
		HideSolutionNode = FALSE
	EndGlobalSection
	GlobalSection(ExtensibilityGlobals) = postSolution
		SolutionGuid = {2EECE818-6954-41AC-9B70-758D428CBCF7}
	EndGlobalSection
EndGlobal
